
Microsoft Visual Studio Solution File, Format Version 12.00
# Visual Studio 14
VisualStudioVersion = 14.0.23107.0
MinimumVisualStudioVersion = 10.0.40219.1
Project("{FAE04EC0-301F-11D3-BF4B-00C04F79EFBC}") = "DORv3", "DORv3\DORv3.csproj", "{9FBFA822-5FA5-47EE-AA1E-B4E7FF715CD7}"
EndProject
Project("{FAE04EC0-301F-11D3-BF4B-00C04F79EFBC}") = "DORv3.DAL", "DORv3.DAL\DORv3.DAL.csproj", "{393ABA7D-10A1-4DE2-B38B-6AFE42B18ED0}"
EndProject
Project("{FAE04EC0-301F-11D3-BF4B-00C04F79EFBC}") = "DORv3.BLL", "DORv3.BLL\DORv3.BLL.csproj", "{CC050E51-6980-4BCA-9CD4-974695693E72}"
EndProject
Project("{FAE04EC0-301F-11D3-BF4B-00C04F79EFBC}") = "DORv3.HelperLib", "DORv3.Helpers\DORv3.HelperLib.csproj", "{EF435E72-B793-4655-BF2B-BADA08C3C6A9}"
EndProject
Global
	GlobalSection(SolutionConfigurationPlatforms) = preSolution
		Debug|Any CPU = Debug|Any CPU
		Release|Any CPU = Release|Any CPU
	EndGlobalSection
	GlobalSection(ProjectConfigurationPlatforms) = postSolution
		{9FBFA822-5FA5-47EE-AA1E-B4E7FF715CD7}.Debug|Any CPU.ActiveCfg = Debug|Any CPU
		{9FBFA822-5FA5-47EE-AA1E-B4E7FF715CD7}.Debug|Any CPU.Build.0 = Debug|Any CPU
		{9FBFA822-5FA5-47EE-AA1E-B4E7FF715CD7}.Release|Any CPU.ActiveCfg = Release|Any CPU
		{9FBFA822-5FA5-47EE-AA1E-B4E7FF715CD7}.Release|Any CPU.Build.0 = Release|Any CPU
		{393ABA7D-10A1-4DE2-B38B-6AFE42B18ED0}.Debug|Any CPU.ActiveCfg = Debug|Any CPU
		{393ABA7D-10A1-4DE2-B38B-6AFE42B18ED0}.Debug|Any CPU.Build.0 = Debug|Any CPU
		{393ABA7D-10A1-4DE2-B38B-6AFE42B18ED0}.Release|Any CPU.ActiveCfg = Release|Any CPU
		{393ABA7D-10A1-4DE2-B38B-6AFE42B18ED0}.Release|Any CPU.Build.0 = Release|Any CPU
		{CC050E51-6980-4BCA-9CD4-974695693E72}.Debug|Any CPU.ActiveCfg = Debug|Any CPU
		{CC050E51-6980-4BCA-9CD4-974695693E72}.Debug|Any CPU.Build.0 = Debug|Any CPU
		{CC050E51-6980-4BCA-9CD4-974695693E72}.Release|Any CPU.ActiveCfg = Release|Any CPU
		{CC050E51-6980-4BCA-9CD4-974695693E72}.Release|Any CPU.Build.0 = Release|Any CPU
		{EF435E72-B793-4655-BF2B-BADA08C3C6A9}.Debug|Any CPU.ActiveCfg = Debug|Any CPU
		{EF435E72-B793-4655-BF2B-BADA08C3C6A9}.Debug|Any CPU.Build.0 = Debug|Any CPU
		{EF435E72-B793-4655-BF2B-BADA08C3C6A9}.Release|Any CPU.ActiveCfg = Release|Any CPU
		{EF435E72-B793-4655-BF2B-BADA08C3C6A9}.Release|Any CPU.Build.0 = Release|Any CPU
	EndGlobalSection
	GlobalSection(SolutionProperties) = preSolution
		HideSolutionNode = FALSE
	EndGlobalSection
EndGlobal
